{
  "lockfile_version": "1",
  "packages": {
    "github:NixOS/nixpkgs/nixpkgs-unstable": {
      "last_modified": "2026-02-19T06:30:45Z",
      "resolved": "github:NixOS/nixpkgs/724cf38d99ba81fbb4a347081db93e2e3a9bc2ae?lastModified=1771482645"
    },
    "golangci-lint@2.6.2": {
      "last_modified": "2025-11-23T21:50:36Z",
      "resolved": "github:NixOS/nixpkgs/ee09932cedcef15aaf476f9343d1dea2cb77e261#golangci-lint",
      "source": "devbox-search",
      "version": "2.6.2",
      "systems": {
        "aarch64-darwin": {
          "outputs": [
            {
              "name": "out",
              "path": "/nix/store/yvnfabxmnwmig8ralc22has0kpk7gbkn-golangci-lint-2.6.2",
              "default": true
            }
          ],
          "store_path": "/nix/store/yvnfabxmnwmig8ralc22has0kpk7gbkn-golangci-lint-2.6.2"
        },
        "aarch64-linux": {
          "outputs": [
            {
              "name": "out",
              "path": "/nix/store/jfhvpym9967m3rf8shlcmlarfbf73cpj-golangci-lint-2.6.2",
              "default": true
            }
          ],
          "store_path": "/nix/store/jfhvpym9967m3rf8shlcmlarfbf73cpj-golangci-lint-2.6.2"
        },
        "x86_64-darwin": {
          "outputs": [
            {
              "name": "out",
              "path": "/nix/store/bg84ksi4vm63c7m39yj6y1ga9n64n3mp-golangci-lint-2.6.2",
              "default": true
            }
          ],
          "store_path": "/nix/store/bg84ksi4vm63c7m39yj6y1ga9n64n3mp-golangci-lint-2.6.2"
        },
        "x86_64-linux": {
          "outputs": [
            {
              "name": "out",
              "path": "/nix/store/3kn873p4cpk0yhz7y0qvwpnn1h885a40-golangci-lint-2.6.2",
              "default": true
            }
          ],
          "store_path": "/nix/store/3kn873p4cpk0yhz7y0qvwpnn1h885a40-golangci-lint-2.6.2"
        }
      }
    },
    "kind@0.30.0": {
      "last_modified": "2025-11-23T21:50:36Z",
      "resolved": "github:NixOS/nixpkgs/ee09932cedcef15aaf476f9343d1dea2cb77e261#kind",
      "source": "devbox-search",
      "version": "0.30.0",
      "systems": {
        "aarch64-darwin": {
          "outputs": [
            {
              "name": "out",
              "path": "/nix/store/jblfpm03jma7rvpp8fzfj2kz7mcf1jd5-kind-0.30.0",
              "default": true
            }
          ],
          "store_path": "/nix/store/jblfpm03jma7rvpp8fzfj2kz7mcf1jd5-kind-0.30.0"
        },
        "aarch64-linux": {
          "outputs": [
            {
              "name": "out",
              "path": "/nix/store/n3m0677g45dr7fqsvmi8hbl8b3rqqhbm-kind-0.30.0",
              "default": true
            }
          ],
          "store_path": "/nix/store/n3m0677g45dr7fqsvmi8hbl8b3rqqhbm-kind-0.30.0"
        },
        "x86_64-darwin": {
          "outputs": [
            {
              "name": "out",
              "path": "/nix/store/41irix8nxj2m46lbj896ndsy2hgi40m4-kind-0.30.0",
              "default": true
            }
          ],
          "store_path": "/nix/store/41irix8nxj2m46lbj896ndsy2hgi40m4-kind-0.30.0"
        },
        "x86_64-linux": {
          "outputs": [
            {
              "name": "out",
              "path": "/nix/store/ahhxkqw37kfs0yjqn6srxfq4vyxnkbq6-kind-0.30.0",
              "default": true
            }
          ],
          "store_path": "/nix/store/ahhxkqw37kfs0yjqn6srxfq4vyxnkbq6-kind-0.30.0"
        }
      }
    },
    "kubebuilder@4.10.1": {
      "last_modified": "2026-02-23T15:40:43Z",
      "resolved": "github:NixOS/nixpkgs/80d901ec0377e19ac3f7bb8c035201e2e098cc97#kubebuilder",
      "source": "devbox-search",
      "version": "4.10.1",
      "systems": {
        "aarch64-darwin": {
          "outputs": [
            {
              "name": "out",
              "path": "/nix/store/nf3brbwy07xddy9cfbpgcqffarfcikqg-kubebuilder-4.10.1",
              "default": true
            }
          ],
          "store_path": "/nix/store/nf3brbwy07xddy9cfbpgcqffarfcikqg-kubebuilder-4.10.1"
        },
        "aarch64-linux": {
          "outputs": [
            {
              "name": "out",
              "path": "/nix/store/q1lpw3jggyzg8r10f9rkb4bvr76pnmr9-kubebuilder-4.10.1",
              "default": true
            }
          ],
          "store_path": "/nix/store/q1lpw3jggyzg8r10f9rkb4bvr76pnmr9-kubebuilder-4.10.1"
        },
        "x86_64-darwin": {
          "outputs": [
            {
              "name": "out",
              "path": "/nix/store/46ywn2s21xvd039749y6nz645ibvmmmq-kubebuilder-4.10.1",
              "default": true
            }
          ],
          "store_path": "/nix/store/46ywn2s21xvd039749y6nz645ibvmmmq-kubebuilder-4.10.1"
        },
        "x86_64-linux": {
          "outputs": [
            {
              "name": "out",
              "path": "/nix/store/hkm25cwhp3ad6k4q0qs2bhr6yhfsjkv9-kubebuilder-4.10.1",
              "default": true
            }
          ],
          "store_path": "/nix/store/hkm25cwhp3ad6k4q0qs2bhr6yhfsjkv9-kubebuilder-4.10.1"
        }
      }
    },
    "kubectl@1.34.3": {
      "last_modified": "2025-12-31T03:27:36Z",
      "resolved": "github:NixOS/nixpkgs/f665af0cdb70ed27e1bd8f9fdfecaf451260fc55#kubectl",
      "source": "devbox-search",
      "version": "1.34.3",
      "systems": {
        "aarch64-darwin": {
          "outputs": [
            {
              "name": "out",
              "path": "/nix/store/c71lz1967mm66c9g3app5c6kqlbk61g0-kubectl-1.34.3",
              "default": true
            },
            {
              "name": "man",
              "path": "/nix/store/fcnijkgxaj8lyf5mw984gf2nby5ak327-kubectl-1.34.3-man",
              "default": true
            },
            {
              "name": "convert",
              "path": "/nix/store/szh8dvly7l0d0zi9zzhi564lnpg1r3sv-kubectl-1.34.3-convert"
            }
          ],
          "store_path": "/nix/store/c71lz1967mm66c9g3app5c6kqlbk61g0-kubectl-1.34.3"
        },
        "aarch64-linux": {
          "outputs": [
            {
              "name": "out",
              "path": "/nix/store/6xpr560plpxxm3p6l82maidzcyai81qa-kubectl-1.34.3",
              "default": true
            },
            {
              "name": "man",
              "path": "/nix/store/171yi490kpxvb28zbyj0ackl7f00r89r-kubectl-1.34.3-man",
              "default": true
            },
            {
              "name": "convert",
              "path": "/nix/store/qb261vfrjghmgk7jfqrfbl237s4r1nz8-kubectl-1.34.3-convert"
            }
          ],
          "store_path": "/nix/store/6xpr560plpxxm3p6l82maidzcyai81qa-kubectl-1.34.3"
        },
        "x86_64-darwin": {
          "outputs": [
            {
              "name": "out",
              "path": "/nix/store/fgg8vgqk6a8bxqf1pd7nqvdihmdaxvww-kubectl-1.34.3",
              "default": true
            },
            {
              "name": "man",
              "path": "/nix/store/9lkn22v4rz5k410kx4d8ari4i0chbqcv-kubectl-1.34.3-man",
              "default": true
            },
            {
              "name": "convert",
              "path": "/nix/store/z440qi75bbvlc9f8b5811wjnw28m5p8c-kubectl-1.34.3-convert"
            }
          ],
          "store_path": "/nix/store/fgg8vgqk6a8bxqf1pd7nqvdihmdaxvww-kubectl-1.34.3"
        },
        "x86_64-linux": {
          "outputs": [
            {
              "name": "out",
              "path": "/nix/store/1ricrs8fhz0xijgqz7v81wjy8xc1249q-kubectl-1.34.3",
              "default": true
            },
            {
              "name": "man",
              "path": "/nix/store/pxidw0l09lrlca2hn5b0jfqsz5935dkp-kubectl-1.34.3-man",
              "default": true
            },
            {
              "name": "convert",
              "path": "/nix/store/d2s64m9ag9bdsml0wbmlx9g55kk39hp4-kubectl-1.34.3-convert"
            }
          ],
          "store_path": "/nix/store/1ricrs8fhz0xijgqz7v81wjy8xc1249q-kubectl-1.34.3"
        }
      }
    },
    "kubernetes-controller-tools@0.19.0": {
      "last_modified": "2025-11-23T21:50:36Z",
      "resolved": "github:NixOS/nixpkgs/ee09932cedcef15aaf476f9343d1dea2cb77e261#kubernetes-controller-tools",
      "source": "devbox-search",
      "version": "0.19.0",
      "systems": {
        "aarch64-darwin": {
          "outputs": [
            {
              "name": "out",
              "path": "/nix/store/brz84pzrcnll7i85bpgil58ldlkwrngp-controller-tools-0.19.0",
              "default": true
            }
          ],
          "store_path": "/nix/store/brz84pzrcnll7i85bpgil58ldlkwrngp-controller-tools-0.19.0"
        },
        "aarch64-linux": {
          "outputs": [
            {
              "name": "out",
              "path": "/nix/store/anb3mpv9m3dklylhqbsjh04iv70gn8vj-controller-tools-0.19.0",
              "default": true
            }
          ],
          "store_path": "/nix/store/anb3mpv9m3dklylhqbsjh04iv70gn8vj-controller-tools-0.19.0"
        },
        "x86_64-darwin": {
          "outputs": [
            {
              "name": "out",
              "path": "/nix/store/jjm90vri9j4j2zacasrfkhny98vsh10n-controller-tools-0.19.0",
              "default": true
            }
          ],
          "store_path": "/nix/store/jjm90vri9j4j2zacasrfkhny98vsh10n-controller-tools-0.19.0"
        },
        "x86_64-linux": {
          "outputs": [
            {
              "name": "out",
              "path": "/nix/store/mldi6bp7a0bdq5vjyfahay8h19f0wwch-controller-tools-0.19.0",
              "default": true
            }
          ],
          "store_path": "/nix/store/mldi6bp7a0bdq5vjyfahay8h19f0wwch-controller-tools-0.19.0"
        }
      }
    },
    "kustomize@5.8.0": {
      "last_modified": "2026-01-23T17:20:52Z",
      "resolved": "github:NixOS/nixpkgs/a1bab9e494f5f4939442a57a58d0449a109593fe#kustomize",
      "source": "devbox-search",
      "version": "5.8.0",
      "systems": {
        "aarch64-darwin": {
          "outputs": [
            {
              "name": "out",
              "path": "/nix/store/1jsi4vib5i93211xjmidag2v4ms6ad01-kustomize-5.8.0",
              "default": true
            }
          ],
          "store_path": "/nix/store/1jsi4vib5i93211xjmidag2v4ms6ad01-kustomize-5.8.0"
        },
        "aarch64-linux": {
          "outputs": [
            {
              "name": "out",
              "path": "/nix/store/0x4jksb2wfci0qb1415afvffx3cclr5a-kustomize-5.8.0",
              "default": true
            }
          ],
          "store_path": "/nix/store/0x4jksb2wfci0qb1415afvffx3cclr5a-kustomize-5.8.0"
        },
        "x86_64-darwin": {
          "outputs": [
            {
              "name": "out",
              "path": "/nix/store/if4b679gapwpn9fiz4hqakdb7m6n7gbl-kustomize-5.8.0",
              "default": true
            }
          ],
          "store_path": "/nix/store/if4b679gapwpn9fiz4hqakdb7m6n7gbl-kustomize-5.8.0"
        },
        "x86_64-linux": {
          "outputs": [
            {
              "name": "out",
              "path": "/nix/store/hfcikvrjjd72cs0p8sv11b4kblfjpwif-kustomize-5.8.0",
              "default": true
            }
          ],
          "store_path": "/nix/store/hfcikvrjjd72cs0p8sv11b4kblfjpwif-kustomize-5.8.0"
        }
      }
    },
    "kyverno-chainsaw@0.2.13": {
      "last_modified": "2025-11-23T21:50:36Z",
      "resolved": "github:NixOS/nixpkgs/ee09932cedcef15aaf476f9343d1dea2cb77e261#kyverno-chainsaw",
      "source": "devbox-search",
      "version": "0.2.13",
      "systems": {
        "aarch64-darwin": {
          "outputs": [
            {
              "name": "out",
              "path": "/nix/store/x87l3ih7ckzaz00kwcyl8h70pr9nfps1-kyverno-chainsaw-0.2.13",
              "default": true
            }
          ],
          "store_path": "/nix/store/x87l3ih7ckzaz00kwcyl8h70pr9nfps1-kyverno-chainsaw-0.2.13"
        },
        "aarch64-linux": {
          "outputs": [
            {
              "name": "out",
              "path": "/nix/store/vyppacrjhygw9l72li2ws4vryjp7d8aj-kyverno-chainsaw-0.2.13",
              "default": true
            }
          ],
          "store_path": "/nix/store/vyppacrjhygw9l72li2ws4vryjp7d8aj-kyverno-chainsaw-0.2.13"
        },
        "x86_64-darwin": {
          "outputs": [
            {
              "name": "out",
              "path": "/nix/store/gas20ildz3c6cn6rn158hq3spqzl9n1f-kyverno-chainsaw-0.2.13",
              "default": true
            }
          ],
          "store_path": "/nix/store/gas20ildz3c6cn6rn158hq3spqzl9n1f-kyverno-chainsaw-0.2.13"
        },
        "x86_64-linux": {
          "outputs": [
            {
              "name": "out",
              "path": "/nix/store/67d9slhrk957fjq5dqxwmd8qcjxcz3wg-kyverno-chainsaw-0.2.13",
              "default": true
            }
          ],
          "store_path": "/nix/store/67d9slhrk957fjq5dqxwmd8qcjxcz3wg-kyverno-chainsaw-0.2.13"
        }
      }
    }
  }
}
